
Microsoft Visual Studio Solution File, Format Version 12.00
# Visual Studio Version 17
VisualStudioVersion = 17.14.36705.20
MinimumVisualStudioVersion = 10.0.40219.1
Project("{FAE04EC0-301F-11D3-BF4B-00C04F79EFBC}") = "Uppgift2_MAUIMobilApp_GOhman", "Uppgift2_MAUIMobilApp_GOhman\Uppgift2_MAUIMobilApp_GOhman.csproj", "{6CDEBA49-D4FF-413B-9CB9-8512C9FBBDED}"
EndProject
Project("{FAE04EC0-301F-11D3-BF4B-00C04F79EFBC}") = "NewsApiService.Sandbox", "NewsApiService.Sandbox\NewsApiService.Sandbox.csproj", "{EEC1F3C5-C8E6-47E8-A570-EC5F27579CB6}"
EndProject
Project("{FAE04EC0-301F-11D3-BF4B-00C04F79EFBC}") = "ApiServiceLayer", "ApiServiceLayer\ApiServiceLayer.csproj", "{4F18E453-339F-4E7A-876E-1A886A2656DA}"
EndProject
Global
	GlobalSection(SolutionConfigurationPlatforms) = preSolution
		Debug|Any CPU = Debug|Any CPU
		Release|Any CPU = Release|Any CPU
	EndGlobalSection
	GlobalSection(ProjectConfigurationPlatforms) = postSolution
		{6CDEBA49-D4FF-413B-9CB9-8512C9FBBDED}.Debug|Any CPU.ActiveCfg = Debug|Any CPU
		{6CDEBA49-D4FF-413B-9CB9-8512C9FBBDED}.Debug|Any CPU.Build.0 = Debug|Any CPU
		{6CDEBA49-D4FF-413B-9CB9-8512C9FBBDED}.Debug|Any CPU.Deploy.0 = Debug|Any CPU
		{6CDEBA49-D4FF-413B-9CB9-8512C9FBBDED}.Release|Any CPU.ActiveCfg = Release|Any CPU
		{6CDEBA49-D4FF-413B-9CB9-8512C9FBBDED}.Release|Any CPU.Build.0 = Release|Any CPU
		{6CDEBA49-D4FF-413B-9CB9-8512C9FBBDED}.Release|Any CPU.Deploy.0 = Release|Any CPU
		{EEC1F3C5-C8E6-47E8-A570-EC5F27579CB6}.Debug|Any CPU.ActiveCfg = Debug|Any CPU
		{EEC1F3C5-C8E6-47E8-A570-EC5F27579CB6}.Debug|Any CPU.Build.0 = Debug|Any CPU
		{EEC1F3C5-C8E6-47E8-A570-EC5F27579CB6}.Release|Any CPU.ActiveCfg = Release|Any CPU
		{EEC1F3C5-C8E6-47E8-A570-EC5F27579CB6}.Release|Any CPU.Build.0 = Release|Any CPU
		{4F18E453-339F-4E7A-876E-1A886A2656DA}.Debug|Any CPU.ActiveCfg = Debug|Any CPU
		{4F18E453-339F-4E7A-876E-1A886A2656DA}.Debug|Any CPU.Build.0 = Debug|Any CPU
		{4F18E453-339F-4E7A-876E-1A886A2656DA}.Release|Any CPU.ActiveCfg = Release|Any CPU
		{4F18E453-339F-4E7A-876E-1A886A2656DA}.Release|Any CPU.Build.0 = Release|Any CPU
	EndGlobalSection
	GlobalSection(SolutionProperties) = preSolution
		HideSolutionNode = FALSE
	EndGlobalSection
	GlobalSection(ExtensibilityGlobals) = postSolution
		SolutionGuid = {C69ADE2E-A464-4DFF-A477-E83F9798CCE7}
	EndGlobalSection
EndGlobal
